
Microsoft Visual Studio Solution File, Format Version 12.00
# Visual Studio 14
VisualStudioVersion = 14.0.23107.0
MinimumVisualStudioVersion = 10.0.40219.1
Project("{FAE04EC0-301F-11D3-BF4B-00C04F79EFBC}") = "RedisTrial", "RedisTrial\RedisTrial.csproj", "{64CA6370-0865-4645-BB05-C139CFD306DC}"
EndProject
Project("{2150E333-8FDC-42A3-9474-1A3956D46DE8}") = "PublishScripts", "PublishScripts", "{25E09AB1-DE42-469E-94CF-A1E8CE36800F}"
EndProject
Project("{2150E333-8FDC-42A3-9474-1A3956D46DE8}") = "Scripts", "Scripts", "{68D22DB5-2D90-488D-907A-F9C861E0178D}"
	ProjectSection(SolutionItems) = preProject
		PublishScripts\Scripts\Deploy-AzureResourceGroup.ps1 = PublishScripts\Scripts\Deploy-AzureResourceGroup.ps1
	EndProjectSection
EndProject
Project("{2150E333-8FDC-42A3-9474-1A3956D46DE8}") = "Templates", "Templates", "{194DFCC4-FE73-4C02-A2A4-955F8784F015}"
	ProjectSection(SolutionItems) = preProject
		PublishScripts\Templates\RedisTrial.json = PublishScripts\Templates\RedisTrial.json
		PublishScripts\Templates\RedisTrial.param.dev.json = PublishScripts\Templates\RedisTrial.param.dev.json
	EndProjectSection
EndProject
Global
	GlobalSection(SolutionConfigurationPlatforms) = preSolution
		Debug|Any CPU = Debug|Any CPU
		Release|Any CPU = Release|Any CPU
	EndGlobalSection
	GlobalSection(ProjectConfigurationPlatforms) = postSolution
		{64CA6370-0865-4645-BB05-C139CFD306DC}.Debug|Any CPU.ActiveCfg = Debug|Any CPU
		{64CA6370-0865-4645-BB05-C139CFD306DC}.Debug|Any CPU.Build.0 = Debug|Any CPU
		{64CA6370-0865-4645-BB05-C139CFD306DC}.Release|Any CPU.ActiveCfg = Release|Any CPU
		{64CA6370-0865-4645-BB05-C139CFD306DC}.Release|Any CPU.Build.0 = Release|Any CPU
	EndGlobalSection
	GlobalSection(SolutionProperties) = preSolution
		HideSolutionNode = FALSE
	EndGlobalSection
	GlobalSection(NestedProjects) = preSolution
		{68D22DB5-2D90-488D-907A-F9C861E0178D} = {25E09AB1-DE42-469E-94CF-A1E8CE36800F}
		{194DFCC4-FE73-4C02-A2A4-955F8784F015} = {25E09AB1-DE42-469E-94CF-A1E8CE36800F}
	EndGlobalSection
EndGlobal
